<?xml version="1.0" encoding="UTF-8" standalone="yes" ?>
<CodeBlocks_project_file>
	<FileVersion major="1" minor="6" />
	<Project>
		<Option title="pic18minicom" />
		<Option makefile_is_custom="1" />
		<Option pch_mode="2" />
		<Option compiler="xc8" />
		<Build>
			<Target title="Release">
				<Option output="bin/Release/pic18minicom" prefix_auto="1" extension_auto="1" />
				<Option object_output="obj/Release/" />
				<Option type="1" />
				<Option compiler="xc8" />
			</Target>
			<Target title="BurnFirmware">
				<Option output="pic18minicom" prefix_auto="1" extension_auto="1" />
				<Option type="1" />
				<Option compiler="xc8" />
				<Option use_console_runner="0" />
			</Target>
		</Build>
		<Unit filename="pic18minicom.c">
			<Option compilerVar="CC" />
		</Unit>
		<Extensions>
			<code_completion />
			<debugger />
		</Extensions>
	</Project>
</CodeBlocks_project_file>
