<?xml version="1.0" encoding="UTF-8" standalone="yes" ?>
<CodeBlocks_project_file>
	<FileVersion major="1" minor="6" />
	<Project>
		<Option title="yawTimer" />
		<Option makefile="Makefile.mak" />
		<Option makefile_is_custom="1" />
		<Option pch_mode="2" />
		<Option compiler="xc8" />
		<Build>
			<Target title="Release">
				<Option output="bin/Release/yawTimer" prefix_auto="1" extension_auto="1" />
				<Option object_output="obj/Release/" />
				<Option type="1" />
				<Option compiler="xc8" />
				<Compiler>
					<Add option="-O2" />
				</Compiler>
				<Linker>
					<Add option="-s" />
				</Linker>
			</Target>
			<Target title="BurnFirmware">
				<Option output="yawTimer" prefix_auto="1" extension_auto="1" />
				<Option type="1" />
				<Option compiler="xc8" />
				<Option use_console_runner="0" />
			</Target>
			<Target title="Simulation">
				<Option output="yawTimer" prefix_auto="1" extension_auto="1" />
				<Option type="0" />
				<Option compiler="xc8" />
			</Target>
		</Build>
		<Compiler>
			<Add option="-Wall" />
		</Compiler>
		<Unit filename="Makefile.mak">
			<Option target="Release" />
		</Unit>
		<Unit filename="macros.h">
			<Option target="Release" />
		</Unit>
		<Unit filename="platform.h">
			<Option target="Release" />
		</Unit>
		<Unit filename="pwmhub.h">
			<Option target="Release" />
		</Unit>
		<Unit filename="servoTG9.h">
			<Option target="Release" />
			<Option target="Simulation" />
		</Unit>
		<Unit filename="yawTimer.c">
			<Option compilerVar="CC" />
			<Option target="Release" />
		</Unit>
		<Extensions>
			<code_completion />
			<envvars />
			<debugger />
			<lib_finder disable_auto="1" />
		</Extensions>
	</Project>
</CodeBlocks_project_file>
